
Microsoft Visual Studio Solution File, Format Version 12.00
# Visual Studio Version 17
VisualStudioVersion = 17.5.33530.505
MinimumVisualStudioVersion = 10.0.40219.1
Project("{9A19103F-16F7-4668-BE54-9A1E7A4F7556}") = "CSharpToJson.Application", "CSharpToJson.Application\CSharpToJson.Application.csproj", "{2F243515-5B3D-45BE-885D-E7A8668CDB47}"
EndProject
Project("{9A19103F-16F7-4668-BE54-9A1E7A4F7556}") = "CSharpToJson.Domain", "CSharpToJson.Domain\CSharpToJson.Domain.csproj", "{BAD00CAD-31C4-41B8-BFD1-1C00459C51BA}"
EndProject
Project("{9A19103F-16F7-4668-BE54-9A1E7A4F7556}") = "CSharpToJson.WebAsm.Server", "CSharpToJson.WebAsm\Server\CSharpToJson.WebAsm.Server.csproj", "{2F9C42CD-9B3D-49F9-898D-CB9D3B5A7855}"
EndProject
Project("{9A19103F-16F7-4668-BE54-9A1E7A4F7556}") = "CSharpToJson.WebAsm.Client", "CSharpToJson.WebAsm\Client\CSharpToJson.WebAsm.Client.csproj", "{358874C8-A85F-4FC7-90EF-2823C65A5168}"
EndProject
Global
	GlobalSection(SolutionConfigurationPlatforms) = preSolution
		Debug|Any CPU = Debug|Any CPU
		Release|Any CPU = Release|Any CPU
	EndGlobalSection
	GlobalSection(ProjectConfigurationPlatforms) = postSolution
		{2F243515-5B3D-45BE-885D-E7A8668CDB47}.Debug|Any CPU.ActiveCfg = Debug|Any CPU
		{2F243515-5B3D-45BE-885D-E7A8668CDB47}.Debug|Any CPU.Build.0 = Debug|Any CPU
		{2F243515-5B3D-45BE-885D-E7A8668CDB47}.Release|Any CPU.ActiveCfg = Release|Any CPU
		{2F243515-5B3D-45BE-885D-E7A8668CDB47}.Release|Any CPU.Build.0 = Release|Any CPU
		{BAD00CAD-31C4-41B8-BFD1-1C00459C51BA}.Debug|Any CPU.ActiveCfg = Debug|Any CPU
		{BAD00CAD-31C4-41B8-BFD1-1C00459C51BA}.Debug|Any CPU.Build.0 = Debug|Any CPU
		{BAD00CAD-31C4-41B8-BFD1-1C00459C51BA}.Release|Any CPU.ActiveCfg = Release|Any CPU
		{BAD00CAD-31C4-41B8-BFD1-1C00459C51BA}.Release|Any CPU.Build.0 = Release|Any CPU
		{2F9C42CD-9B3D-49F9-898D-CB9D3B5A7855}.Debug|Any CPU.ActiveCfg = Debug|Any CPU
		{2F9C42CD-9B3D-49F9-898D-CB9D3B5A7855}.Debug|Any CPU.Build.0 = Debug|Any CPU
		{2F9C42CD-9B3D-49F9-898D-CB9D3B5A7855}.Release|Any CPU.ActiveCfg = Release|Any CPU
		{2F9C42CD-9B3D-49F9-898D-CB9D3B5A7855}.Release|Any CPU.Build.0 = Release|Any CPU
		{358874C8-A85F-4FC7-90EF-2823C65A5168}.Debug|Any CPU.ActiveCfg = Debug|Any CPU
		{358874C8-A85F-4FC7-90EF-2823C65A5168}.Debug|Any CPU.Build.0 = Debug|Any CPU
		{358874C8-A85F-4FC7-90EF-2823C65A5168}.Release|Any CPU.ActiveCfg = Release|Any CPU
		{358874C8-A85F-4FC7-90EF-2823C65A5168}.Release|Any CPU.Build.0 = Release|Any CPU
	EndGlobalSection
	GlobalSection(SolutionProperties) = preSolution
		HideSolutionNode = FALSE
	EndGlobalSection
	GlobalSection(ExtensibilityGlobals) = postSolution
		SolutionGuid = {A8432E8C-52E6-4071-983B-1B32895F092A}
	EndGlobalSection
EndGlobal
